<?xml version="1.0" encoding="utf-8"?>
<Project ToolsVersion="4.0" xmlns="http://schemas.microsoft.com/developer/msbuild/2003">
  <ItemGroup>
    <Filter Include="源文件">
      <UniqueIdentifier>{4FC737F1-C7A5-4376-A066-2A32D752A2FF}</UniqueIdentifier>
      <Extensions>cpp;c;cc;cxx;c++;cppm;ixx;def;odl;idl;hpj;bat;asm;asmx</Extensions>
    </Filter>
    <Filter Include="头文件">
      <UniqueIdentifier>{93995380-89BD-4b04-88EB-625FBE52EBFB}</UniqueIdentifier>
      <Extensions>h;hh;hpp;hxx;h++;hm;inl;inc;ipp;xsd</Extensions>
    </Filter>
    <Filter Include="资源文件">
      <UniqueIdentifier>{67DA6AB6-F800-4c08-8B7A-83BB121AAD01}</UniqueIdentifier>
      <Extensions>rc;ico;cur;bmp;dlg;rc2;rct;bin;rgs;gif;jpg;jpeg;jpe;resx;tiff;tif;png;wav;mfcribbon-ms</Extensions>
    </Filter>
    <Filter Include="Engine">
      <UniqueIdentifier>{4da41689-fbed-40a4-b0ab-a6b3d129412c}</UniqueIdentifier>
    </Filter>
    <Filter Include="Engine\Source">
      <UniqueIdentifier>{602d485f-0911-422a-bc5b-c712bdad6233}</UniqueIdentifier>
    </Filter>
    <Filter Include="Engine\Source\Runtime">
      <UniqueIdentifier>{51e2421b-3954-455d-ac1f-b3808384085e}</UniqueIdentifier>
    </Filter>
    <Filter Include="Engine\Source\Common">
      <UniqueIdentifier>{f7580d0e-a42c-4f71-a0fa-787a235ae02e}</UniqueIdentifier>
    </Filter>
    <Filter Include="Engine\Source\Editor">
      <UniqueIdentifier>{a0e173fc-d2a0-450d-b564-799bac57edc7}</UniqueIdentifier>
    </Filter>
    <Filter Include="Engine\Source\Runtime\Function">
      <UniqueIdentifier>{70954dd2-da19-4c95-8a27-cc511a86fbd7}</UniqueIdentifier>
    </Filter>
    <Filter Include="Engine\Source\Runtime\Core">
      <UniqueIdentifier>{6fe1e72c-59c0-45be-ad8f-c3ba56886f88}</UniqueIdentifier>
    </Filter>
  </ItemGroup>
  <ItemGroup>
    <ClCompile Include="Engine\Source\main.cpp">
      <Filter>Engine\Source</Filter>
    </ClCompile>
    <ClCompile Include="Engine\Source\Runtime\Engine.cpp">
      <Filter>Engine\Source\Runtime</Filter>
    </ClCompile>
    <ClCompile Include="Engine\Source\Editor\Editor.cpp">
      <Filter>Engine\Source\Editor</Filter>
    </ClCompile>
    <ClCompile Include="Engine\Source\Runtime\Function\GlobalContext.cpp">
      <Filter>Engine\Source\Runtime\Function</Filter>
    </ClCompile>
    <ClCompile Include="Engine\Source\Runtime\Core\LogSystem.cpp">
      <Filter>Engine\Source\Runtime\Core</Filter>
    </ClCompile>
  </ItemGroup>
  <ItemGroup>
    <ClInclude Include="Engine\Source\Runtime\Engine.h">
      <Filter>Engine\Source\Runtime</Filter>
    </ClInclude>
    <ClInclude Include="Engine\Source\Common\Common.h">
      <Filter>Engine\Source\Common</Filter>
    </ClInclude>
    <ClInclude Include="Engine\Source\Editor\Editor.h">
      <Filter>Engine\Source\Editor</Filter>
    </ClInclude>
    <ClInclude Include="Engine\Source\Runtime\Function\GlobalContext.h">
      <Filter>Engine\Source\Runtime\Function</Filter>
    </ClInclude>
    <ClInclude Include="Engine\Source\Runtime\Core\LogSystem.h">
      <Filter>Engine\Source\Runtime\Core</Filter>
    </ClInclude>
    <ClInclude Include="Engine\Source\Runtime\Core\Macro.h">
      <Filter>Engine\Source\Runtime\Core</Filter>
    </ClInclude>
  </ItemGroup>
</Project>