<?xml version="1.0" encoding="utf-8"?>
<Project ToolsVersion="4.0" xmlns="http://schemas.microsoft.com/developer/msbuild/2003">
  <ItemGroup>
    <Filter Include="源文件">
      <UniqueIdentifier>{4FC737F1-C7A5-4376-A066-2A32D752A2FF}</UniqueIdentifier>
      <Extensions>cpp;c;cc;cxx;c++;cppm;ixx;def;odl;idl;hpj;bat;asm;asmx</Extensions>
    </Filter>
    <Filter Include="头文件">
      <UniqueIdentifier>{93995380-89BD-4b04-88EB-625FBE52EBFB}</UniqueIdentifier>
      <Extensions>h;hh;hpp;hxx;h++;hm;inl;inc;ipp;xsd</Extensions>
    </Filter>
    <Filter Include="资源文件">
      <UniqueIdentifier>{67DA6AB6-F800-4c08-8B7A-83BB121AAD01}</UniqueIdentifier>
      <Extensions>rc;ico;cur;bmp;dlg;rc2;rct;bin;rgs;gif;jpg;jpeg;jpe;resx;tiff;tif;png;wav;mfcribbon-ms</Extensions>
    </Filter>
    <Filter Include="Engine">
      <UniqueIdentifier>{4da41689-fbed-40a4-b0ab-a6b3d129412c}</UniqueIdentifier>
    </Filter>
    <Filter Include="Engine\Source">
      <UniqueIdentifier>{602d485f-0911-422a-bc5b-c712bdad6233}</UniqueIdentifier>
    </Filter>
    <Filter Include="Engine\Source\Runtime">
      <UniqueIdentifier>{51e2421b-3954-455d-ac1f-b3808384085e}</UniqueIdentifier>
    </Filter>
    <Filter Include="Engine\Source\Common">
      <UniqueIdentifier>{f7580d0e-a42c-4f71-a0fa-787a235ae02e}</UniqueIdentifier>
    </Filter>
    <Filter Include="Engine\Source\Editor">
      <UniqueIdentifier>{a0e173fc-d2a0-450d-b564-799bac57edc7}</UniqueIdentifier>
    </Filter>
    <Filter Include="Engine\Source\Runtime\Function">
      <UniqueIdentifier>{70954dd2-da19-4c95-8a27-cc511a86fbd7}</UniqueIdentifier>
    </Filter>
    <Filter Include="Engine\Source\Runtime\Core">
      <UniqueIdentifier>{6fe1e72c-59c0-45be-ad8f-c3ba56886f88}</UniqueIdentifier>
    </Filter>
    <Filter Include="Engine\Source\Runtime\Function\Render">
      <UniqueIdentifier>{e6bd181c-246b-4b52-b9ec-09309a544eb2}</UniqueIdentifier>
    </Filter>
    <Filter Include="Engine\Source\Runtime\Resource">
      <UniqueIdentifier>{4d022423-2400-4bec-ba99-71d5f661d3ed}</UniqueIdentifier>
    </Filter>
    <Filter Include="Engine\Source\Runtime\Platform">
      <UniqueIdentifier>{f28b3455-cab6-4458-8532-760d7988af82}</UniqueIdentifier>
    </Filter>
    <Filter Include="Engine\Source\Runtime\Function\Render\Interface">
      <UniqueIdentifier>{e9e8c885-d915-4775-aaff-443488a665e8}</UniqueIdentifier>
    </Filter>
    <Filter Include="Engine\Source\Runtime\Function\Render\Interface\Vulkan">
      <UniqueIdentifier>{c4958b7c-b6f1-4072-8e94-f1151e45cb25}</UniqueIdentifier>
    </Filter>
    <Filter Include="Engine\Source\Runtime\Resource\ResourceType">
      <UniqueIdentifier>{c4149c66-29a4-41f2-9608-01054a158ef0}</UniqueIdentifier>
    </Filter>
    <Filter Include="Engine\Source\Runtime\Resource\ResourceType\Global">
      <UniqueIdentifier>{542246cb-c5b4-4aec-b933-62cbfeec7c4c}</UniqueIdentifier>
    </Filter>
    <Filter Include="Engine\Source\Runtime\Core\Math">
      <UniqueIdentifier>{fd737ca2-52e0-4909-a4af-15be3d880d2f}</UniqueIdentifier>
    </Filter>
    <Filter Include="Engine\Source\Runtime\Resource\ResourceType\Data">
      <UniqueIdentifier>{a9fee491-ea44-4caf-b440-29620201c760}</UniqueIdentifier>
    </Filter>
    <Filter Include="Engine\Source\Runtime\Function\Render\Passes">
      <UniqueIdentifier>{69fae21b-972c-4e40-b77e-b1fc98f87feb}</UniqueIdentifier>
    </Filter>
  </ItemGroup>
  <ItemGroup>
    <ClCompile Include="Engine\Source\main.cpp">
      <Filter>Engine\Source</Filter>
    </ClCompile>
    <ClCompile Include="Engine\Source\Runtime\Engine.cpp">
      <Filter>Engine\Source\Runtime</Filter>
    </ClCompile>
    <ClCompile Include="Engine\Source\Editor\Editor.cpp">
      <Filter>Engine\Source\Editor</Filter>
    </ClCompile>
    <ClCompile Include="Engine\Source\Runtime\Function\GlobalContext.cpp">
      <Filter>Engine\Source\Runtime\Function</Filter>
    </ClCompile>
    <ClCompile Include="Engine\Source\Runtime\Core\LogSystem.cpp">
      <Filter>Engine\Source\Runtime\Core</Filter>
    </ClCompile>
    <ClCompile Include="Engine\Source\Runtime\Function\Render\RenderSystem.cpp">
      <Filter>Engine\Source\Runtime\Function\Render</Filter>
    </ClCompile>
    <ClCompile Include="Engine\Source\Runtime\Resource\ConfigManager.cpp">
      <Filter>Engine\Source\Runtime\Resource</Filter>
    </ClCompile>
    <ClCompile Include="Engine\Source\Runtime\Function\Render\Interface\Vulkan\VulkanRHI.cpp">
      <Filter>Engine\Source\Runtime\Function\Render\Interface\Vulkan</Filter>
    </ClCompile>
    <ClCompile Include="Engine\Source\Runtime\Function\Render\WindowSystem.cpp">
      <Filter>Engine\Source\Runtime\Function\Render</Filter>
    </ClCompile>
    <ClCompile Include="Engine\Source\Runtime\Function\Render\Interface\Vulkan\VulkanUtil.cpp">
      <Filter>Engine\Source\Runtime\Function\Render\Interface\Vulkan</Filter>
    </ClCompile>
    <ClCompile Include="Engine\Source\Runtime\Function\Render\Interface\Vulkan\VulkanVMA.cpp">
      <Filter>Engine\Source\Runtime\Function\Render\Interface\Vulkan</Filter>
    </ClCompile>
    <ClCompile Include="Engine\Source\Runtime\Function\Render\RenderSwapContext.cpp">
      <Filter>Engine\Source\Runtime\Function\Render</Filter>
    </ClCompile>
    <ClCompile Include="Engine\Source\Runtime\Function\Render\RenderCamera.cpp">
      <Filter>Engine\Source\Runtime\Function\Render</Filter>
    </ClCompile>
    <ClCompile Include="Engine\Source\Runtime\Function\Render\RenderScene.cpp">
      <Filter>Engine\Source\Runtime\Function\Render</Filter>
    </ClCompile>
    <ClCompile Include="Engine\Source\Runtime\Function\Render\RenderResourceBase.cpp">
      <Filter>Engine\Source\Runtime\Function\Render</Filter>
    </ClCompile>
    <ClCompile Include="Engine\Source\Runtime\Function\Render\RenderPipelineBase.cpp">
      <Filter>Engine\Source\Runtime\Function\Render</Filter>
    </ClCompile>
    <ClCompile Include="Engine\Source\Runtime\Function\Render\RenderResource.cpp">
      <Filter>Engine\Source\Runtime\Function\Render</Filter>
    </ClCompile>
    <ClCompile Include="Engine\Source\Runtime\Core\Math\AxisAligned.cpp">
      <Filter>Engine\Source\Runtime\Core\Math</Filter>
    </ClCompile>
    <ClCompile Include="Engine\Source\Runtime\Core\Math\Vector3.cpp">
      <Filter>Engine\Source\Runtime\Core\Math</Filter>
    </ClCompile>
    <ClCompile Include="Engine\Source\Runtime\Core\Math\Math.cpp">
      <Filter>Engine\Source\Runtime\Core\Math</Filter>
    </ClCompile>
    <ClCompile Include="Engine\Source\Runtime\Core\Math\Matrix3.cpp">
      <Filter>Engine\Source\Runtime\Core\Math</Filter>
    </ClCompile>
    <ClCompile Include="Engine\Source\Runtime\Core\Math\Matrix4.cpp">
      <Filter>Engine\Source\Runtime\Core\Math</Filter>
    </ClCompile>
    <ClCompile Include="Engine\Source\Runtime\Core\Math\Quaternion.cpp">
      <Filter>Engine\Source\Runtime\Core\Math</Filter>
    </ClCompile>
    <ClCompile Include="Engine\Source\Runtime\Core\Math\Vector2.cpp">
      <Filter>Engine\Source\Runtime\Core\Math</Filter>
    </ClCompile>
    <ClCompile Include="Engine\Source\Runtime\Core\Math\Vector4.cpp">
      <Filter>Engine\Source\Runtime\Core\Math</Filter>
    </ClCompile>
    <ClCompile Include="Engine\Source\Runtime\Resource\AssetManager.cpp">
      <Filter>Engine\Source\Runtime\Resource</Filter>
    </ClCompile>
    <ClCompile Include="Engine\Source\Runtime\Function\Render\RenderPass.cpp">
      <Filter>Engine\Source\Runtime\Function\Render</Filter>
    </ClCompile>
    <ClCompile Include="Engine\Source\Runtime\Function\Render\RenderPassBase.cpp">
      <Filter>Engine\Source\Runtime\Function\Render</Filter>
    </ClCompile>
    <ClCompile Include="Engine\Source\Runtime\Function\Render\RenderPipeline.cpp">
      <Filter>Engine\Source\Runtime\Function\Render</Filter>
    </ClCompile>
    <ClCompile Include="Engine\Source\Runtime\Function\Render\Passes\ColorGradingPass.cpp">
      <Filter>Engine\Source\Runtime\Function\Render\Passes</Filter>
    </ClCompile>
    <ClCompile Include="Engine\Source\Runtime\Function\Render\Passes\CombineUIPass.cpp">
      <Filter>Engine\Source\Runtime\Function\Render\Passes</Filter>
    </ClCompile>
    <ClCompile Include="Engine\Source\Runtime\Function\Render\Passes\DirectionalLightPass.cpp">
      <Filter>Engine\Source\Runtime\Function\Render\Passes</Filter>
    </ClCompile>
    <ClCompile Include="Engine\Source\Runtime\Function\Render\Passes\FXAAPass.cpp">
      <Filter>Engine\Source\Runtime\Function\Render\Passes</Filter>
    </ClCompile>
    <ClCompile Include="Engine\Source\Runtime\Function\Render\Passes\MainCameraPass.cpp">
      <Filter>Engine\Source\Runtime\Function\Render\Passes</Filter>
    </ClCompile>
    <ClCompile Include="Engine\Source\Runtime\Function\Render\Passes\ParticlePass.cpp">
      <Filter>Engine\Source\Runtime\Function\Render\Passes</Filter>
    </ClCompile>
    <ClCompile Include="Engine\Source\Runtime\Function\Render\Passes\PickPass.cpp">
      <Filter>Engine\Source\Runtime\Function\Render\Passes</Filter>
    </ClCompile>
    <ClCompile Include="Engine\Source\Runtime\Function\Render\Passes\PointLightPass.cpp">
      <Filter>Engine\Source\Runtime\Function\Render\Passes</Filter>
    </ClCompile>
    <ClCompile Include="Engine\Source\Runtime\Function\Render\Passes\ToneMappingPass.cpp">
      <Filter>Engine\Source\Runtime\Function\Render\Passes</Filter>
    </ClCompile>
    <ClCompile Include="Engine\Source\Runtime\Function\Render\Passes\UIPass.cpp">
      <Filter>Engine\Source\Runtime\Function\Render\Passes</Filter>
    </ClCompile>
  </ItemGroup>
  <ItemGroup>
    <ClInclude Include="Engine\Source\Runtime\Engine.h">
      <Filter>Engine\Source\Runtime</Filter>
    </ClInclude>
    <ClInclude Include="Engine\Source\Common\Common.h">
      <Filter>Engine\Source\Common</Filter>
    </ClInclude>
    <ClInclude Include="Engine\Source\Editor\Editor.h">
      <Filter>Engine\Source\Editor</Filter>
    </ClInclude>
    <ClInclude Include="Engine\Source\Runtime\Function\GlobalContext.h">
      <Filter>Engine\Source\Runtime\Function</Filter>
    </ClInclude>
    <ClInclude Include="Engine\Source\Runtime\Core\LogSystem.h">
      <Filter>Engine\Source\Runtime\Core</Filter>
    </ClInclude>
    <ClInclude Include="Engine\Source\Runtime\Core\Macro.h">
      <Filter>Engine\Source\Runtime\Core</Filter>
    </ClInclude>
    <ClInclude Include="Engine\Source\Runtime\Function\Render\RenderSystem.h">
      <Filter>Engine\Source\Runtime\Function\Render</Filter>
    </ClInclude>
    <ClInclude Include="Engine\Source\Runtime\Resource\ConfigManager.h">
      <Filter>Engine\Source\Runtime\Resource</Filter>
    </ClInclude>
    <ClInclude Include="Engine\Source\Runtime\Function\Render\Interface\RHI.h">
      <Filter>Engine\Source\Runtime\Function\Render\Interface</Filter>
    </ClInclude>
    <ClInclude Include="Engine\Source\Runtime\Function\Render\Interface\Vulkan\VulkanRHI.h">
      <Filter>Engine\Source\Runtime\Function\Render\Interface\Vulkan</Filter>
    </ClInclude>
    <ClInclude Include="Engine\Source\Runtime\Function\Render\Interface\RHIStruct.h">
      <Filter>Engine\Source\Runtime\Function\Render\Interface</Filter>
    </ClInclude>
    <ClInclude Include="Engine\Source\Runtime\Function\Render\RenderType.h">
      <Filter>Engine\Source\Runtime\Function\Render</Filter>
    </ClInclude>
    <ClInclude Include="Engine\Source\Runtime\Function\Render\WindowSystem.h">
      <Filter>Engine\Source\Runtime\Function\Render</Filter>
    </ClInclude>
    <ClInclude Include="Engine\Source\Runtime\Function\Render\Interface\Vulkan\VulkanRHIResource.h">
      <Filter>Engine\Source\Runtime\Function\Render\Interface\Vulkan</Filter>
    </ClInclude>
    <ClInclude Include="Engine\Source\Runtime\Function\Render\Interface\Vulkan\VulkanUtil.h">
      <Filter>Engine\Source\Runtime\Function\Render\Interface\Vulkan</Filter>
    </ClInclude>
    <ClInclude Include="Engine\Source\Runtime\Function\Render\RenderSwapContext.h">
      <Filter>Engine\Source\Runtime\Function\Render</Filter>
    </ClInclude>
    <ClInclude Include="Engine\Source\Runtime\Function\Render\RenderCamera.h">
      <Filter>Engine\Source\Runtime\Function\Render</Filter>
    </ClInclude>
    <ClInclude Include="Engine\Source\Runtime\Function\Render\RenderScene.h">
      <Filter>Engine\Source\Runtime\Function\Render</Filter>
    </ClInclude>
    <ClInclude Include="Engine\Source\Runtime\Function\Render\RenderResourceBase.h">
      <Filter>Engine\Source\Runtime\Function\Render</Filter>
    </ClInclude>
    <ClInclude Include="Engine\Source\Runtime\Function\Render\RenderPipelineBase.h">
      <Filter>Engine\Source\Runtime\Function\Render</Filter>
    </ClInclude>
    <ClInclude Include="Engine\Source\Runtime\Resource\ResourceType\Global\GlobalRendering.h">
      <Filter>Engine\Source\Runtime\Resource\ResourceType\Global</Filter>
    </ClInclude>
    <ClInclude Include="Engine\Source\Runtime\Function\Render\RenderResource.h">
      <Filter>Engine\Source\Runtime\Function\Render</Filter>
    </ClInclude>
    <ClInclude Include="Engine\Source\Runtime\Function\Render\RenderEntity.h">
      <Filter>Engine\Source\Runtime\Function\Render</Filter>
    </ClInclude>
    <ClInclude Include="Engine\Source\Runtime\Core\Math\AxisAligned.h">
      <Filter>Engine\Source\Runtime\Core\Math</Filter>
    </ClInclude>
    <ClInclude Include="Engine\Source\Runtime\Resource\ResourceType\Data\CameraConfig.h">
      <Filter>Engine\Source\Runtime\Resource\ResourceType\Data</Filter>
    </ClInclude>
    <ClInclude Include="Engine\Source\Runtime\Core\Math\Vector3.h">
      <Filter>Engine\Source\Runtime\Core\Math</Filter>
    </ClInclude>
    <ClInclude Include="Engine\Source\Runtime\Core\Math\Math.h">
      <Filter>Engine\Source\Runtime\Core\Math</Filter>
    </ClInclude>
    <ClInclude Include="Engine\Source\Runtime\Core\Math\MathMacros.h">
      <Filter>Engine\Source\Runtime\Core\Math</Filter>
    </ClInclude>
    <ClInclude Include="Engine\Source\Runtime\Core\Math\Matrix3.h">
      <Filter>Engine\Source\Runtime\Core\Math</Filter>
    </ClInclude>
    <ClInclude Include="Engine\Source\Runtime\Core\Math\Matrix4.h">
      <Filter>Engine\Source\Runtime\Core\Math</Filter>
    </ClInclude>
    <ClInclude Include="Engine\Source\Runtime\Core\Math\Quaternion.h">
      <Filter>Engine\Source\Runtime\Core\Math</Filter>
    </ClInclude>
    <ClInclude Include="Engine\Source\Runtime\Core\Math\Random.h">
      <Filter>Engine\Source\Runtime\Core\Math</Filter>
    </ClInclude>
    <ClInclude Include="Engine\Source\Runtime\Core\Math\Transform.h">
      <Filter>Engine\Source\Runtime\Core\Math</Filter>
    </ClInclude>
    <ClInclude Include="Engine\Source\Runtime\Core\Math\Vector2.h">
      <Filter>Engine\Source\Runtime\Core\Math</Filter>
    </ClInclude>
    <ClInclude Include="Engine\Source\Runtime\Core\Math\Vector4.h">
      <Filter>Engine\Source\Runtime\Core\Math</Filter>
    </ClInclude>
    <ClInclude Include="Engine\Source\Runtime\Core\Math\MathHeaders.h">
      <Filter>Engine\Source\Runtime\Core\Math</Filter>
    </ClInclude>
    <ClInclude Include="Engine\Source\Runtime\Function\Framework\Object\ObjectIdAllocator.h">
      <Filter>头文件</Filter>
    </ClInclude>
    <ClInclude Include="Engine\Source\Runtime\Function\Render\Light.h">
      <Filter>头文件</Filter>
    </ClInclude>
    <ClInclude Include="Engine\Source\Runtime\Function\Render\RenderCommon.h">
      <Filter>头文件</Filter>
    </ClInclude>
    <ClInclude Include="Engine\Source\Runtime\Function\Render\RenderGuidAllocator.h">
      <Filter>头文件</Filter>
    </ClInclude>
    <ClInclude Include="Engine\Source\Runtime\Function\Render\RenderObject.h">
      <Filter>头文件</Filter>
    </ClInclude>
    <ClInclude Include="Engine\Source\Runtime\Resource\AssetManager.h">
      <Filter>Engine\Source\Runtime\Resource</Filter>
    </ClInclude>
    <ClInclude Include="Engine\Source\Runtime\Function\Render\RenderPass.h">
      <Filter>Engine\Source\Runtime\Function\Render</Filter>
    </ClInclude>
    <ClInclude Include="Engine\Source\Runtime\Function\Render\RenderPassBase.h">
      <Filter>Engine\Source\Runtime\Function\Render</Filter>
    </ClInclude>
    <ClInclude Include="Engine\Source\Runtime\Function\Render\RenderPipeline.h">
      <Filter>Engine\Source\Runtime\Function\Render</Filter>
    </ClInclude>
    <ClInclude Include="Engine\Source\Runtime\Function\Render\Passes\ColorGradingPass.h">
      <Filter>Engine\Source\Runtime\Function\Render\Passes</Filter>
    </ClInclude>
    <ClInclude Include="Engine\Source\Runtime\Function\Render\Passes\CombineUIPass.h">
      <Filter>Engine\Source\Runtime\Function\Render\Passes</Filter>
    </ClInclude>
    <ClInclude Include="Engine\Source\Runtime\Function\Render\Passes\DirectionalLightPass.h">
      <Filter>Engine\Source\Runtime\Function\Render\Passes</Filter>
    </ClInclude>
    <ClInclude Include="Engine\Source\Runtime\Function\Render\Passes\FXAAPass.h">
      <Filter>Engine\Source\Runtime\Function\Render\Passes</Filter>
    </ClInclude>
    <ClInclude Include="Engine\Source\Runtime\Function\Render\Passes\MainCameraPass.h">
      <Filter>Engine\Source\Runtime\Function\Render\Passes</Filter>
    </ClInclude>
    <ClInclude Include="Engine\Source\Runtime\Function\Render\Passes\ParticlePass.h">
      <Filter>Engine\Source\Runtime\Function\Render\Passes</Filter>
    </ClInclude>
    <ClInclude Include="Engine\Source\Runtime\Function\Render\Passes\PickPass.h">
      <Filter>Engine\Source\Runtime\Function\Render\Passes</Filter>
    </ClInclude>
    <ClInclude Include="Engine\Source\Runtime\Function\Render\Passes\PointLightPass.h">
      <Filter>Engine\Source\Runtime\Function\Render\Passes</Filter>
    </ClInclude>
    <ClInclude Include="Engine\Source\Runtime\Function\Render\Passes\ToneMappingPass.h">
      <Filter>Engine\Source\Runtime\Function\Render\Passes</Filter>
    </ClInclude>
    <ClInclude Include="Engine\Source\Runtime\Function\Render\Passes\UIPass.h">
      <Filter>Engine\Source\Runtime\Function\Render\Passes</Filter>
    </ClInclude>
  </ItemGroup>
</Project>